// !$*UTF8*$!
{
	archiveVersion = 1;
	classes = {
	};
	objectVersion = 46;
	objects = {

/* Begin PBXBuildFile section */
		75BB7CC219B3DC6600C14C54 /* AppDelegate.swift in Sources */ = {isa = PBXBuildFile; fileRef = 75BB7CC119B3DC6600C14C54 /* AppDelegate.swift */; };
		75BB7CC419B3DC6600C14C54 /* ViewController.swift in Sources */ = {isa = PBXBuildFile; fileRef = 75BB7CC319B3DC6600C14C54 /* ViewController.swift */; };
		75BB7CC719B3DC6600C14C54 /* Main.storyboard in Resources */ = {isa = PBXBuildFile; fileRef = 75BB7CC519B3DC6600C14C54 /* Main.storyboard */; };
		75BB7CC919B3DC6600C14C54 /* Images.xcassets in Resources */ = {isa = PBXBuildFile; fileRef = 75BB7CC819B3DC6600C14C54 /* Images.xcassets */; };
		75BB7CD519B3DC6600C14C54 /* helloworld2Tests.swift in Sources */ = {isa = PBXBuildFile; fileRef = 75BB7CD419B3DC6600C14C54 /* helloworld2Tests.swift */; };
/* End PBXBuildFile section */

/* Begin PBXContainerItemProxy section */
		75BB7CCF19B3DC6600C14C54 /* PBXContainerItemProxy */ = {
			isa = PBXContainerItemProxy;
			containerPortal = 75BB7CB419B3DC6600C14C54 /* Project object */;
			proxyType = 1;
			remoteGlobalIDString = 75BB7CBB19B3DC6600C14C54;
			remoteInfo = helloworld2;
		};
/* End PBXContainerItemProxy section */

/* Begin PBXFileReference section */
		75BB7CBC19B3DC6600C14C54 /* helloworld2.app */ = {isa = PBXFileReference; explicitFileType = wrapper.application; includeInIndex = 0; path = helloworld2.app; sourceTree = BUILT_PRODUCTS_DIR; };
		75BB7CC019B3DC6600C14C54 /* Info.plist */ = {isa = PBXFileReference; lastKnownFileType = text.plist.xml; path = Info.plist; sourceTree = "<group>"; };
		75BB7CC119B3DC6600C14C54 /* AppDelegate.swift */ = {isa = PBXFileReference; lastKnownFileType = sourcecode.swift; path = AppDelegate.swift; sourceTree = "<group>"; };
		75BB7CC319B3DC6600C14C54 /* ViewController.swift */ = {isa = PBXFileReference; lastKnownFileType = sourcecode.swift; path = ViewController.swift; sourceTree = "<group>"; };
		75BB7CC619B3DC6600C14C54 /* Base */ = {isa = PBXFileReference; lastKnownFileType = file.storyboard; name = Base; path = Base.lproj/Main.storyboard; sourceTree = "<group>"; };
		75BB7CC819B3DC6600C14C54 /* Images.xcassets */ = {isa = PBXFileReference; lastKnownFileType = folder.assetcatalog; path = Images.xcassets; sourceTree = "<group>"; };
		75BB7CCE19B3DC6600C14C54 /* helloworld2Tests.xctest */ = {isa = PBXFileReference; explicitFileType = wrapper.cfbundle; includeInIndex = 0; path = helloworld2Tests.xctest; sourceTree = BUILT_PRODUCTS_DIR; };
		75BB7CD319B3DC6600C14C54 /* Info.plist */ = {isa = PBXFileReference; lastKnownFileType = text.plist.xml; path = Info.plist; sourceTree = "<group>"; };
		75BB7CD419B3DC6600C14C54 /* helloworld2Tests.swift */ = {isa = PBXFileReference; lastKnownFileType = sourcecode.swift; path = helloworld2Tests.swift; sourceTree = "<group>"; };
/* End PBXFileReference section */

/* Begin PBXFrameworksBuildPhase section */
		75BB7CB919B3DC6600C14C54 /* Frameworks */ = {
			isa = PBXFrameworksBuildPhase;
			buildActionMask = 2147483647;
			files = (
			);
			runOnlyForDeploymentPostprocessing = 0;
		};
		75BB7CCB19B3DC6600C14C54 /* Frameworks */ = {
			isa = PBXFrameworksBuildPhase;
			buildActionMask = 2147483647;
			files = (
			);
			runOnlyForDeploymentPostprocessing = 0;
		};
/* End PBXFrameworksBuildPhase section */

/* Begin PBXGroup section */
		75BB7CB319B3DC6600C14C54 = {
			isa = PBXGroup;
			children = (
				75BB7CBE19B3DC6600C14C54 /* helloworld2 */,
				75BB7CD119B3DC6600C14C54 /* helloworld2Tests */,
				75BB7CBD19B3DC6600C14C54 /* Products */,
			);
			sourceTree = "<group>";
		};
		75BB7CBD19B3DC6600C14C54 /* Products */ = {
			isa = PBXGroup;
			children = (
				75BB7CBC19B3DC6600C14C54 /* helloworld2.app */,
				75BB7CCE19B3DC6600C14C54 /* helloworld2Tests.xctest */,
			);
			name = Products;
			sourceTree = "<group>";
		};
		75BB7CBE19B3DC6600C14C54 /* helloworld2 */ = {
			isa = PBXGroup;
			children = (
				75BB7CC119B3DC6600C14C54 /* AppDelegate.swift */,
				75BB7CC319B3DC6600C14C54 /* ViewController.swift */,
				75BB7CC519B3DC6600C14C54 /* Main.storyboard */,
				75BB7CC819B3DC6600C14C54 /* Images.xcassets */,
				75BB7CBF19B3DC6600C14C54 /* Supporting Files */,
			);
			path = helloworld2;
			sourceTree = "<group>";
		};
		75BB7CBF19B3DC6600C14C54 /* Supporting Files */ = {
			isa = PBXGroup;
			children = (
				75BB7CC019B3DC6600C14C54 /* Info.plist */,
			);
			name = "Supporting Files";
			sourceTree = "<group>";
		};
		75BB7CD119B3DC6600C14C54 /* helloworld2Tests */ = {
			isa = PBXGroup;
			children = (
				75BB7CD419B3DC6600C14C54 /* helloworld2Tests.swift */,
				75BB7CD219B3DC6600C14C54 /* Supporting Files */,
			);
			path = helloworld2Tests;
			sourceTree = "<group>";
		};
		75BB7CD219B3DC6600C14C54 /* Supporting Files */ = {
			isa = PBXGroup;
			children = (
				75BB7CD319B3DC6600C14C54 /* Info.plist */,
			);
			name = "Supporting Files";
			sourceTree = "<group>";
		};
/* End PBXGroup section */

/* Begin PBXNativeTarget section */
		75BB7CBB19B3DC6600C14C54 /* helloworld2 */ = {
			isa = PBXNativeTarget;
			buildConfigurationList = 75BB7CD819B3DC6600C14C54 /* Build configuration list for PBXNativeTarget "helloworld2" */;
			buildPhases = (
				75BB7CB819B3DC6600C14C54 /* Sources */,
				75BB7CB919B3DC6600C14C54 /* Frameworks */,
				75BB7CBA19B3DC6600C14C54 /* Resources */,
			);
			buildRules = (
			);
			dependencies = (
			);
			name = helloworld2;
			productName = helloworld2;
			productReference = 75BB7CBC19B3DC6600C14C54 /* helloworld2.app */;
			productType = "com.apple.product-type.application";
		};
		75BB7CCD19B3DC6600C14C54 /* helloworld2Tests */ = {
			isa = PBXNativeTarget;
			buildConfigurationList = 75BB7CDB19B3DC6600C14C54 /* Build configuration list for PBXNativeTarget "helloworld2Tests" */;
			buildPhases = (
				75BB7CCA19B3DC6600C14C54 /* Sources */,
				75BB7CCB19B3DC6600C14C54 /* Frameworks */,
				75BB7CCC19B3DC6600C14C54 /* Resources */,
			);
			buildRules = (
			);
			dependencies = (
				75BB7CD019B3DC6600C14C54 /* PBXTargetDependency */,
			);
			name = helloworld2Tests;
			productName = helloworld2Tests;
			productReference = 75BB7CCE19B3DC6600C14C54 /* helloworld2Tests.xctest */;
			productType = "com.apple.product-type.bundle.unit-test";
		};
/* End PBXNativeTarget section */

/* Begin PBXProject section */
		75BB7CB419B3DC6600C14C54 /* Project object */ = {
			isa = PBXProject;
			attributes = {
				LastUpgradeCheck = 0600;
				ORGANIZATIONNAME = "Aileen Pierce";
				TargetAttributes = {
					75BB7CBB19B3DC6600C14C54 = {
						CreatedOnToolsVersion = 6.0;
					};
					75BB7CCD19B3DC6600C14C54 = {
						CreatedOnToolsVersion = 6.0;
						TestTargetID = 75BB7CBB19B3DC6600C14C54;
					};
				};
			};
			buildConfigurationList = 75BB7CB719B3DC6600C14C54 /* Build configuration list for PBXProject "helloworld2" */;
			compatibilityVersion = "Xcode 3.2";
			developmentRegion = English;
			hasScannedForEncodings = 0;
			knownRegions = (
				en,
				Base,
			);
			mainGroup = 75BB7CB319B3DC6600C14C54;
			productRefGroup = 75BB7CBD19B3DC6600C14C54 /* Products */;
			projectDirPath = "";
			projectRoot = "";
			targets = (
				75BB7CBB19B3DC6600C14C54 /* helloworld2 */,
				75BB7CCD19B3DC6600C14C54 /* helloworld2Tests */,
			);
		};
/* End PBXProject section */

/* Begin PBXResourcesBuildPhase section */
		75BB7CBA19B3DC6600C14C54 /* Resources */ = {
			isa = PBXResourcesBuildPhase;
			buildActionMask = 2147483647;
			files = (
				75BB7CC719B3DC6600C14C54 /* Main.storyboard in Resources */,
				75BB7CC919B3DC6600C14C54 /* Images.xcassets in Resources */,
			);
			runOnlyForDeploymentPostprocessing = 0;
		};
		75BB7CCC19B3DC6600C14C54 /* Resources */ = {
			isa = PBXResourcesBuildPhase;
			buildActionMask = 2147483647;
			files = (
			);
			runOnlyForDeploymentPostprocessing = 0;
		};
/* End PBXResourcesBuildPhase section */

/* Begin PBXSourcesBuildPhase section */
		75BB7CB819B3DC6600C14C54 /* Sources */ = {
			isa = PBXSourcesBuildPhase;
			buildActionMask = 2147483647;
			files = (
				75BB7CC419B3DC6600C14C54 /* ViewController.swift in Sources */,
				75BB7CC219B3DC6600C14C54 /* AppDelegate.swift in Sources */,
			);
			runOnlyForDeploymentPostprocessing = 0;
		};
		75BB7CCA19B3DC6600C14C54 /* Sources */ = {
			isa = PBXSourcesBuildPhase;
			buildActionMask = 2147483647;
			files = (
				75BB7CD519B3DC6600C14C54 /* helloworld2Tests.swift in Sources */,
			);
			runOnlyForDeploymentPostprocessing = 0;
		};
/* End PBXSourcesBuildPhase section */

/* Begin PBXTargetDependency section */
		75BB7CD019B3DC6600C14C54 /* PBXTargetDependency */ = {
			isa = PBXTargetDependency;
			target = 75BB7CBB19B3DC6600C14C54 /* helloworld2 */;
			targetProxy = 75BB7CCF19B3DC6600C14C54 /* PBXContainerItemProxy */;
		};
/* End PBXTargetDependency section */

/* Begin PBXVariantGroup section */
		75BB7CC519B3DC6600C14C54 /* Main.storyboard */ = {
			isa = PBXVariantGroup;
			children = (
				75BB7CC619B3DC6600C14C54 /* Base */,
			);
			name = Main.storyboard;
			sourceTree = "<group>";
		};
/* End PBXVariantGroup section */

/* Begin XCBuildConfiguration section */
		75BB7CD619B3DC6600C14C54 /* Debug */ = {
			isa = XCBuildConfiguration;
			buildSettings = {
				ALWAYS_SEARCH_USER_PATHS = NO;
				CLANG_CXX_LANGUAGE_STANDARD = "gnu++0x";
				CLANG_CXX_LIBRARY = "libc++";
				CLANG_ENABLE_MODULES = YES;
				CLANG_ENABLE_OBJC_ARC = YES;
				CLANG_WARN_BOOL_CONVERSION = YES;
				CLANG_WARN_CONSTANT_CONVERSION = YES;
				CLANG_WARN_DIRECT_OBJC_ISA_USAGE = YES_ERROR;
				CLANG_WARN_EMPTY_BODY = YES;
				CLANG_WARN_ENUM_CONVERSION = YES;
				CLANG_WARN_INT_CONVERSION = YES;
				CLANG_WARN_OBJC_ROOT_CLASS = YES_ERROR;
				CLANG_WARN_UNREACHABLE_CODE = YES;
				CLANG_WARN__DUPLICATE_METHOD_MATCH = YES;
				"CODE_SIGN_IDENTITY[sdk=iphoneos*]" = "iPhone Developer";
				COPY_PHASE_STRIP = NO;
				ENABLE_STRICT_OBJC_MSGSEND = YES;
				GCC_C_LANGUAGE_STANDARD = gnu99;
				GCC_DYNAMIC_NO_PIC = NO;
				GCC_OPTIMIZATION_LEVEL = 0;
				GCC_PREPROCESSOR_DEFINITIONS = (
					"DEBUG=1",
					"$(inherited)",
				);
				GCC_SYMBOLS_PRIVATE_EXTERN = NO;
				GCC_WARN_64_TO_32_BIT_CONVERSION = YES;
				GCC_WARN_ABOUT_RETURN_TYPE = YES_ERROR;
				GCC_WARN_UNDECLARED_SELECTOR = YES;
				GCC_WARN_UNINITIALIZED_AUTOS = YES_AGGRESSIVE;
				GCC_WARN_UNUSED_FUNCTION = YES;
				GCC_WARN_UNUSED_VARIABLE = YES;
				IPHONEOS_DEPLOYMENT_TARGET = 8.0;
				MTL_ENABLE_DEBUG_INFO = YES;
				ONLY_ACTIVE_ARCH = YES;
				SDKROOT = iphoneos;
				SWIFT_OPTIMIZATION_LEVEL = "-Onone";
			};
			name = Debug;
		};
		75BB7CD719B3DC6600C14C54 /* Release */ = {
			isa = XCBuildConfiguration;
			buildSettings = {
				ALWAYS_SEARCH_USER_PATHS = NO;
				CLANG_CXX_LANGUAGE_STANDARD = "gnu++0x";
				CLANG_CXX_LIBRARY = "libc++";
				CLANG_ENABLE_MODULES = YES;
				CLANG_ENABLE_OBJC_ARC = YES;
				CLANG_WARN_BOOL_CONVERSION = YES;
				CLANG_WARN_CONSTANT_CONVERSION = YES;
				CLANG_WARN_DIRECT_OBJC_ISA_USAGE = YES_ERROR;
				CLANG_WARN_EMPTY_BODY = YES;
				CLANG_WARN_ENUM_CONVERSION = YES;
				CLANG_WARN_INT_CONVERSION = YES;
				CLANG_WARN_OBJC_ROOT_CLASS = YES_ERROR;
				CLANG_WARN_UNREACHABLE_CODE = YES;
				CLANG_WARN__DUPLICATE_METHOD_MATCH = YES;
				"CODE_SIGN_IDENTITY[sdk=iphoneos*]" = "iPhone Developer";
				COPY_PHASE_STRIP = YES;
				ENABLE_NS_ASSERTIONS = NO;
				ENABLE_STRICT_OBJC_MSGSEND = YES;
				GCC_C_LANGUAGE_STANDARD = gnu99;
				GCC_WARN_64_TO_32_BIT_CONVERSION = YES;
				GCC_WARN_ABOUT_RETURN_TYPE = YES_ERROR;
				GCC_WARN_UNDECLARED_SELECTOR = YES;
				GCC_WARN_UNINITIALIZED_AUTOS = YES_AGGRESSIVE;
				GCC_WARN_UNUSED_FUNCTION = YES;
				GCC_WARN_UNUSED_VARIABLE = YES;
				IPHONEOS_DEPLOYMENT_TARGET = 8.0;
				MTL_ENABLE_DEBUG_INFO = NO;
				SDKROOT = iphoneos;
				VALIDATE_PRODUCT = YES;
			};
			name = Release;
		};
		75BB7CD919B3DC6600C14C54 /* Debug */ = {
			isa = XCBuildConfiguration;
			buildSettings = {
				ASSETCATALOG_COMPILER_APPICON_NAME = AppIcon;
				ASSETCATALOG_COMPILER_LAUNCHIMAGE_NAME = LaunchImage;
				INFOPLIST_FILE = helloworld2/Info.plist;
				LD_RUNPATH_SEARCH_PATHS = "$(inherited) @executable_path/Frameworks";
				PRODUCT_NAME = "$(TARGET_NAME)";
			};
			name = Debug;
		};
		75BB7CDA19B3DC6600C14C54 /* Release */ = {
			isa = XCBuildConfiguration;
			buildSettings = {
				ASSETCATALOG_COMPILER_APPICON_NAME = AppIcon;
				ASSETCATALOG_COMPILER_LAUNCHIMAGE_NAME = LaunchImage;
				INFOPLIST_FILE = helloworld2/Info.plist;
				LD_RUNPATH_SEARCH_PATHS = "$(inherited) @executable_path/Frameworks";
				PRODUCT_NAME = "$(TARGET_NAME)";
			};
			name = Release;
		};
		75BB7CDC19B3DC6600C14C54 /* Debug */ = {
			isa = XCBuildConfiguration;
			buildSettings = {
				BUNDLE_LOADER = "$(TEST_HOST)";
				FRAMEWORK_SEARCH_PATHS = (
					"$(SDKROOT)/Developer/Library/Frameworks",
					"$(inherited)",
				);
				GCC_PREPROCESSOR_DEFINITIONS = (
					"DEBUG=1",
					"$(inherited)",
				);
				INFOPLIST_FILE = helloworld2Tests/Info.plist;
				LD_RUNPATH_SEARCH_PATHS = "$(inherited) @executable_path/Frameworks @loader_path/Frameworks";
				PRODUCT_NAME = "$(TARGET_NAME)";
				TEST_HOST = "$(BUILT_PRODUCTS_DIR)/helloworld2.app/helloworld2";
			};
			name = Debug;
		};
		75BB7CDD19B3DC6600C14C54 /* Release */ = {
			isa = XCBuildConfiguration;
			buildSettings = {
				BUNDLE_LOADER = "$(TEST_HOST)";
				FRAMEWORK_SEARCH_PATHS = (
					"$(SDKROOT)/Developer/Library/Frameworks",
					"$(inherited)",
				);
				INFOPLIST_FILE = helloworld2Tests/Info.plist;
				LD_RUNPATH_SEARCH_PATHS = "$(inherited) @executable_path/Frameworks @loader_path/Frameworks";
				PRODUCT_NAME = "$(TARGET_NAME)";
				TEST_HOST = "$(BUILT_PRODUCTS_DIR)/helloworld2.app/helloworld2";
			};
			name = Release;
		};
/* End XCBuildConfiguration section */

/* Begin XCConfigurationList section */
		75BB7CB719B3DC6600C14C54 /* Build configuration list for PBXProject "helloworld2" */ = {
			isa = XCConfigurationList;
			buildConfigurations = (
				75BB7CD619B3DC6600C14C54 /* Debug */,
				75BB7CD719B3DC6600C14C54 /* Release */,
			);
			defaultConfigurationIsVisible = 0;
			defaultConfigurationName = Release;
		};
		75BB7CD819B3DC6600C14C54 /* Build configuration list for PBXNativeTarget "helloworld2" */ = {
			isa = XCConfigurationList;
			buildConfigurations = (
				75BB7CD919B3DC6600C14C54 /* Debug */,
				75BB7CDA19B3DC6600C14C54 /* Release */,
			);
			defaultConfigurationIsVisible = 0;
		};
		75BB7CDB19B3DC6600C14C54 /* Build configuration list for PBXNativeTarget "helloworld2Tests" */ = {
			isa = XCConfigurationList;
			buildConfigurations = (
				75BB7CDC19B3DC6600C14C54 /* Debug */,
				75BB7CDD19B3DC6600C14C54 /* Release */,
			);
			defaultConfigurationIsVisible = 0;
		};
/* End XCConfigurationList section */
	};
	rootObject = 75BB7CB419B3DC6600C14C54 /* Project object */;
}
