// !$*UTF8*$!
{
	archiveVersion = 1;
	classes = {
	};
	objectVersion = 46;
	objects = {

/* Begin PBXBuildFile section */
		7535718319EED7A8006622FA /* AppDelegate.swift in Sources */ = {isa = PBXBuildFile; fileRef = 7535718219EED7A8006622FA /* AppDelegate.swift */; };
		7535718519EED7A8006622FA /* ViewController.swift in Sources */ = {isa = PBXBuildFile; fileRef = 7535718419EED7A8006622FA /* ViewController.swift */; };
		7535718819EED7A8006622FA /* Main.storyboard in Resources */ = {isa = PBXBuildFile; fileRef = 7535718619EED7A8006622FA /* Main.storyboard */; };
		7535718A19EED7A8006622FA /* Images.xcassets in Resources */ = {isa = PBXBuildFile; fileRef = 7535718919EED7A8006622FA /* Images.xcassets */; };
		7535718D19EED7A8006622FA /* LaunchScreen.xib in Resources */ = {isa = PBXBuildFile; fileRef = 7535718B19EED7A8006622FA /* LaunchScreen.xib */; };
		7535719919EED7A8006622FA /* scrabbleQTests.swift in Sources */ = {isa = PBXBuildFile; fileRef = 7535719819EED7A8006622FA /* scrabbleQTests.swift */; };
		753571A319EF2010006622FA /* qwordswithoutu1.plist in Resources */ = {isa = PBXBuildFile; fileRef = 753571A219EF2010006622FA /* qwordswithoutu1.plist */; };
/* End PBXBuildFile section */

/* Begin PBXContainerItemProxy section */
		7535719319EED7A8006622FA /* PBXContainerItemProxy */ = {
			isa = PBXContainerItemProxy;
			containerPortal = 7535717519EED7A8006622FA /* Project object */;
			proxyType = 1;
			remoteGlobalIDString = 7535717C19EED7A8006622FA;
			remoteInfo = scrabbleQ;
		};
/* End PBXContainerItemProxy section */

/* Begin PBXFileReference section */
		7535717D19EED7A8006622FA /* scrabbleQ.app */ = {isa = PBXFileReference; explicitFileType = wrapper.application; includeInIndex = 0; path = scrabbleQ.app; sourceTree = BUILT_PRODUCTS_DIR; };
		7535718119EED7A8006622FA /* Info.plist */ = {isa = PBXFileReference; lastKnownFileType = text.plist.xml; path = Info.plist; sourceTree = "<group>"; };
		7535718219EED7A8006622FA /* AppDelegate.swift */ = {isa = PBXFileReference; lastKnownFileType = sourcecode.swift; path = AppDelegate.swift; sourceTree = "<group>"; };
		7535718419EED7A8006622FA /* ViewController.swift */ = {isa = PBXFileReference; lastKnownFileType = sourcecode.swift; path = ViewController.swift; sourceTree = "<group>"; };
		7535718719EED7A8006622FA /* Base */ = {isa = PBXFileReference; lastKnownFileType = file.storyboard; name = Base; path = Base.lproj/Main.storyboard; sourceTree = "<group>"; };
		7535718919EED7A8006622FA /* Images.xcassets */ = {isa = PBXFileReference; lastKnownFileType = folder.assetcatalog; path = Images.xcassets; sourceTree = "<group>"; };
		7535718C19EED7A8006622FA /* Base */ = {isa = PBXFileReference; lastKnownFileType = file.xib; name = Base; path = Base.lproj/LaunchScreen.xib; sourceTree = "<group>"; };
		7535719219EED7A8006622FA /* scrabbleQTests.xctest */ = {isa = PBXFileReference; explicitFileType = wrapper.cfbundle; includeInIndex = 0; path = scrabbleQTests.xctest; sourceTree = BUILT_PRODUCTS_DIR; };
		7535719719EED7A8006622FA /* Info.plist */ = {isa = PBXFileReference; lastKnownFileType = text.plist.xml; path = Info.plist; sourceTree = "<group>"; };
		7535719819EED7A8006622FA /* scrabbleQTests.swift */ = {isa = PBXFileReference; lastKnownFileType = sourcecode.swift; path = scrabbleQTests.swift; sourceTree = "<group>"; };
		753571A219EF2010006622FA /* qwordswithoutu1.plist */ = {isa = PBXFileReference; fileEncoding = 4; lastKnownFileType = text.plist.xml; path = qwordswithoutu1.plist; sourceTree = "<group>"; };
/* End PBXFileReference section */

/* Begin PBXFrameworksBuildPhase section */
		7535717A19EED7A8006622FA /* Frameworks */ = {
			isa = PBXFrameworksBuildPhase;
			buildActionMask = 2147483647;
			files = (
			);
			runOnlyForDeploymentPostprocessing = 0;
		};
		7535718F19EED7A8006622FA /* Frameworks */ = {
			isa = PBXFrameworksBuildPhase;
			buildActionMask = 2147483647;
			files = (
			);
			runOnlyForDeploymentPostprocessing = 0;
		};
/* End PBXFrameworksBuildPhase section */

/* Begin PBXGroup section */
		7535717419EED7A8006622FA = {
			isa = PBXGroup;
			children = (
				7535717F19EED7A8006622FA /* scrabbleQ */,
				7535719519EED7A8006622FA /* scrabbleQTests */,
				7535717E19EED7A8006622FA /* Products */,
			);
			sourceTree = "<group>";
		};
		7535717E19EED7A8006622FA /* Products */ = {
			isa = PBXGroup;
			children = (
				7535717D19EED7A8006622FA /* scrabbleQ.app */,
				7535719219EED7A8006622FA /* scrabbleQTests.xctest */,
			);
			name = Products;
			sourceTree = "<group>";
		};
		7535717F19EED7A8006622FA /* scrabbleQ */ = {
			isa = PBXGroup;
			children = (
				7535718219EED7A8006622FA /* AppDelegate.swift */,
				7535718419EED7A8006622FA /* ViewController.swift */,
				7535718619EED7A8006622FA /* Main.storyboard */,
				7535718919EED7A8006622FA /* Images.xcassets */,
				7535718B19EED7A8006622FA /* LaunchScreen.xib */,
				7535718019EED7A8006622FA /* Supporting Files */,
			);
			path = scrabbleQ;
			sourceTree = "<group>";
		};
		7535718019EED7A8006622FA /* Supporting Files */ = {
			isa = PBXGroup;
			children = (
				753571A219EF2010006622FA /* qwordswithoutu1.plist */,
				7535718119EED7A8006622FA /* Info.plist */,
			);
			name = "Supporting Files";
			sourceTree = "<group>";
		};
		7535719519EED7A8006622FA /* scrabbleQTests */ = {
			isa = PBXGroup;
			children = (
				7535719819EED7A8006622FA /* scrabbleQTests.swift */,
				7535719619EED7A8006622FA /* Supporting Files */,
			);
			path = scrabbleQTests;
			sourceTree = "<group>";
		};
		7535719619EED7A8006622FA /* Supporting Files */ = {
			isa = PBXGroup;
			children = (
				7535719719EED7A8006622FA /* Info.plist */,
			);
			name = "Supporting Files";
			sourceTree = "<group>";
		};
/* End PBXGroup section */

/* Begin PBXNativeTarget section */
		7535717C19EED7A8006622FA /* scrabbleQ */ = {
			isa = PBXNativeTarget;
			buildConfigurationList = 7535719C19EED7A8006622FA /* Build configuration list for PBXNativeTarget "scrabbleQ" */;
			buildPhases = (
				7535717919EED7A8006622FA /* Sources */,
				7535717A19EED7A8006622FA /* Frameworks */,
				7535717B19EED7A8006622FA /* Resources */,
			);
			buildRules = (
			);
			dependencies = (
			);
			name = scrabbleQ;
			productName = scrabbleQ;
			productReference = 7535717D19EED7A8006622FA /* scrabbleQ.app */;
			productType = "com.apple.product-type.application";
		};
		7535719119EED7A8006622FA /* scrabbleQTests */ = {
			isa = PBXNativeTarget;
			buildConfigurationList = 7535719F19EED7A8006622FA /* Build configuration list for PBXNativeTarget "scrabbleQTests" */;
			buildPhases = (
				7535718E19EED7A8006622FA /* Sources */,
				7535718F19EED7A8006622FA /* Frameworks */,
				7535719019EED7A8006622FA /* Resources */,
			);
			buildRules = (
			);
			dependencies = (
				7535719419EED7A8006622FA /* PBXTargetDependency */,
			);
			name = scrabbleQTests;
			productName = scrabbleQTests;
			productReference = 7535719219EED7A8006622FA /* scrabbleQTests.xctest */;
			productType = "com.apple.product-type.bundle.unit-test";
		};
/* End PBXNativeTarget section */

/* Begin PBXProject section */
		7535717519EED7A8006622FA /* Project object */ = {
			isa = PBXProject;
			attributes = {
				LastUpgradeCheck = 0600;
				ORGANIZATIONNAME = "Aileen Pierce";
				TargetAttributes = {
					7535717C19EED7A8006622FA = {
						CreatedOnToolsVersion = 6.0.1;
					};
					7535719119EED7A8006622FA = {
						CreatedOnToolsVersion = 6.0.1;
						TestTargetID = 7535717C19EED7A8006622FA;
					};
				};
			};
			buildConfigurationList = 7535717819EED7A8006622FA /* Build configuration list for PBXProject "scrabbleQ" */;
			compatibilityVersion = "Xcode 3.2";
			developmentRegion = English;
			hasScannedForEncodings = 0;
			knownRegions = (
				en,
				Base,
			);
			mainGroup = 7535717419EED7A8006622FA;
			productRefGroup = 7535717E19EED7A8006622FA /* Products */;
			projectDirPath = "";
			projectRoot = "";
			targets = (
				7535717C19EED7A8006622FA /* scrabbleQ */,
				7535719119EED7A8006622FA /* scrabbleQTests */,
			);
		};
/* End PBXProject section */

/* Begin PBXResourcesBuildPhase section */
		7535717B19EED7A8006622FA /* Resources */ = {
			isa = PBXResourcesBuildPhase;
			buildActionMask = 2147483647;
			files = (
				7535718819EED7A8006622FA /* Main.storyboard in Resources */,
				753571A319EF2010006622FA /* qwordswithoutu1.plist in Resources */,
				7535718D19EED7A8006622FA /* LaunchScreen.xib in Resources */,
				7535718A19EED7A8006622FA /* Images.xcassets in Resources */,
			);
			runOnlyForDeploymentPostprocessing = 0;
		};
		7535719019EED7A8006622FA /* Resources */ = {
			isa = PBXResourcesBuildPhase;
			buildActionMask = 2147483647;
			files = (
			);
			runOnlyForDeploymentPostprocessing = 0;
		};
/* End PBXResourcesBuildPhase section */

/* Begin PBXSourcesBuildPhase section */
		7535717919EED7A8006622FA /* Sources */ = {
			isa = PBXSourcesBuildPhase;
			buildActionMask = 2147483647;
			files = (
				7535718519EED7A8006622FA /* ViewController.swift in Sources */,
				7535718319EED7A8006622FA /* AppDelegate.swift in Sources */,
			);
			runOnlyForDeploymentPostprocessing = 0;
		};
		7535718E19EED7A8006622FA /* Sources */ = {
			isa = PBXSourcesBuildPhase;
			buildActionMask = 2147483647;
			files = (
				7535719919EED7A8006622FA /* scrabbleQTests.swift in Sources */,
			);
			runOnlyForDeploymentPostprocessing = 0;
		};
/* End PBXSourcesBuildPhase section */

/* Begin PBXTargetDependency section */
		7535719419EED7A8006622FA /* PBXTargetDependency */ = {
			isa = PBXTargetDependency;
			target = 7535717C19EED7A8006622FA /* scrabbleQ */;
			targetProxy = 7535719319EED7A8006622FA /* PBXContainerItemProxy */;
		};
/* End PBXTargetDependency section */

/* Begin PBXVariantGroup section */
		7535718619EED7A8006622FA /* Main.storyboard */ = {
			isa = PBXVariantGroup;
			children = (
				7535718719EED7A8006622FA /* Base */,
			);
			name = Main.storyboard;
			sourceTree = "<group>";
		};
		7535718B19EED7A8006622FA /* LaunchScreen.xib */ = {
			isa = PBXVariantGroup;
			children = (
				7535718C19EED7A8006622FA /* Base */,
			);
			name = LaunchScreen.xib;
			sourceTree = "<group>";
		};
/* End PBXVariantGroup section */

/* Begin XCBuildConfiguration section */
		7535719A19EED7A8006622FA /* Debug */ = {
			isa = XCBuildConfiguration;
			buildSettings = {
				ALWAYS_SEARCH_USER_PATHS = NO;
				CLANG_CXX_LANGUAGE_STANDARD = "gnu++0x";
				CLANG_CXX_LIBRARY = "libc++";
				CLANG_ENABLE_MODULES = YES;
				CLANG_ENABLE_OBJC_ARC = YES;
				CLANG_WARN_BOOL_CONVERSION = YES;
				CLANG_WARN_CONSTANT_CONVERSION = YES;
				CLANG_WARN_DIRECT_OBJC_ISA_USAGE = YES_ERROR;
				CLANG_WARN_EMPTY_BODY = YES;
				CLANG_WARN_ENUM_CONVERSION = YES;
				CLANG_WARN_INT_CONVERSION = YES;
				CLANG_WARN_OBJC_ROOT_CLASS = YES_ERROR;
				CLANG_WARN_UNREACHABLE_CODE = YES;
				CLANG_WARN__DUPLICATE_METHOD_MATCH = YES;
				"CODE_SIGN_IDENTITY[sdk=iphoneos*]" = "iPhone Developer";
				COPY_PHASE_STRIP = NO;
				ENABLE_STRICT_OBJC_MSGSEND = YES;
				GCC_C_LANGUAGE_STANDARD = gnu99;
				GCC_DYNAMIC_NO_PIC = NO;
				GCC_OPTIMIZATION_LEVEL = 0;
				GCC_PREPROCESSOR_DEFINITIONS = (
					"DEBUG=1",
					"$(inherited)",
				);
				GCC_SYMBOLS_PRIVATE_EXTERN = NO;
				GCC_WARN_64_TO_32_BIT_CONVERSION = YES;
				GCC_WARN_ABOUT_RETURN_TYPE = YES_ERROR;
				GCC_WARN_UNDECLARED_SELECTOR = YES;
				GCC_WARN_UNINITIALIZED_AUTOS = YES_AGGRESSIVE;
				GCC_WARN_UNUSED_FUNCTION = YES;
				GCC_WARN_UNUSED_VARIABLE = YES;
				IPHONEOS_DEPLOYMENT_TARGET = 8.0;
				MTL_ENABLE_DEBUG_INFO = YES;
				ONLY_ACTIVE_ARCH = YES;
				SDKROOT = iphoneos;
				SWIFT_OPTIMIZATION_LEVEL = "-Onone";
			};
			name = Debug;
		};
		7535719B19EED7A8006622FA /* Release */ = {
			isa = XCBuildConfiguration;
			buildSettings = {
				ALWAYS_SEARCH_USER_PATHS = NO;
				CLANG_CXX_LANGUAGE_STANDARD = "gnu++0x";
				CLANG_CXX_LIBRARY = "libc++";
				CLANG_ENABLE_MODULES = YES;
				CLANG_ENABLE_OBJC_ARC = YES;
				CLANG_WARN_BOOL_CONVERSION = YES;
				CLANG_WARN_CONSTANT_CONVERSION = YES;
				CLANG_WARN_DIRECT_OBJC_ISA_USAGE = YES_ERROR;
				CLANG_WARN_EMPTY_BODY = YES;
				CLANG_WARN_ENUM_CONVERSION = YES;
				CLANG_WARN_INT_CONVERSION = YES;
				CLANG_WARN_OBJC_ROOT_CLASS = YES_ERROR;
				CLANG_WARN_UNREACHABLE_CODE = YES;
				CLANG_WARN__DUPLICATE_METHOD_MATCH = YES;
				"CODE_SIGN_IDENTITY[sdk=iphoneos*]" = "iPhone Developer";
				COPY_PHASE_STRIP = YES;
				ENABLE_NS_ASSERTIONS = NO;
				ENABLE_STRICT_OBJC_MSGSEND = YES;
				GCC_C_LANGUAGE_STANDARD = gnu99;
				GCC_WARN_64_TO_32_BIT_CONVERSION = YES;
				GCC_WARN_ABOUT_RETURN_TYPE = YES_ERROR;
				GCC_WARN_UNDECLARED_SELECTOR = YES;
				GCC_WARN_UNINITIALIZED_AUTOS = YES_AGGRESSIVE;
				GCC_WARN_UNUSED_FUNCTION = YES;
				GCC_WARN_UNUSED_VARIABLE = YES;
				IPHONEOS_DEPLOYMENT_TARGET = 8.0;
				MTL_ENABLE_DEBUG_INFO = NO;
				SDKROOT = iphoneos;
				VALIDATE_PRODUCT = YES;
			};
			name = Release;
		};
		7535719D19EED7A8006622FA /* Debug */ = {
			isa = XCBuildConfiguration;
			buildSettings = {
				ASSETCATALOG_COMPILER_APPICON_NAME = AppIcon;
				INFOPLIST_FILE = scrabbleQ/Info.plist;
				LD_RUNPATH_SEARCH_PATHS = "$(inherited) @executable_path/Frameworks";
				PRODUCT_NAME = "$(TARGET_NAME)";
			};
			name = Debug;
		};
		7535719E19EED7A8006622FA /* Release */ = {
			isa = XCBuildConfiguration;
			buildSettings = {
				ASSETCATALOG_COMPILER_APPICON_NAME = AppIcon;
				INFOPLIST_FILE = scrabbleQ/Info.plist;
				LD_RUNPATH_SEARCH_PATHS = "$(inherited) @executable_path/Frameworks";
				PRODUCT_NAME = "$(TARGET_NAME)";
			};
			name = Release;
		};
		753571A019EED7A8006622FA /* Debug */ = {
			isa = XCBuildConfiguration;
			buildSettings = {
				BUNDLE_LOADER = "$(TEST_HOST)";
				FRAMEWORK_SEARCH_PATHS = (
					"$(SDKROOT)/Developer/Library/Frameworks",
					"$(inherited)",
				);
				GCC_PREPROCESSOR_DEFINITIONS = (
					"DEBUG=1",
					"$(inherited)",
				);
				INFOPLIST_FILE = scrabbleQTests/Info.plist;
				LD_RUNPATH_SEARCH_PATHS = "$(inherited) @executable_path/Frameworks @loader_path/Frameworks";
				PRODUCT_NAME = "$(TARGET_NAME)";
				TEST_HOST = "$(BUILT_PRODUCTS_DIR)/scrabbleQ.app/scrabbleQ";
			};
			name = Debug;
		};
		753571A119EED7A8006622FA /* Release */ = {
			isa = XCBuildConfiguration;
			buildSettings = {
				BUNDLE_LOADER = "$(TEST_HOST)";
				FRAMEWORK_SEARCH_PATHS = (
					"$(SDKROOT)/Developer/Library/Frameworks",
					"$(inherited)",
				);
				INFOPLIST_FILE = scrabbleQTests/Info.plist;
				LD_RUNPATH_SEARCH_PATHS = "$(inherited) @executable_path/Frameworks @loader_path/Frameworks";
				PRODUCT_NAME = "$(TARGET_NAME)";
				TEST_HOST = "$(BUILT_PRODUCTS_DIR)/scrabbleQ.app/scrabbleQ";
			};
			name = Release;
		};
/* End XCBuildConfiguration section */

/* Begin XCConfigurationList section */
		7535717819EED7A8006622FA /* Build configuration list for PBXProject "scrabbleQ" */ = {
			isa = XCConfigurationList;
			buildConfigurations = (
				7535719A19EED7A8006622FA /* Debug */,
				7535719B19EED7A8006622FA /* Release */,
			);
			defaultConfigurationIsVisible = 0;
			defaultConfigurationName = Release;
		};
		7535719C19EED7A8006622FA /* Build configuration list for PBXNativeTarget "scrabbleQ" */ = {
			isa = XCConfigurationList;
			buildConfigurations = (
				7535719D19EED7A8006622FA /* Debug */,
				7535719E19EED7A8006622FA /* Release */,
			);
			defaultConfigurationIsVisible = 0;
		};
		7535719F19EED7A8006622FA /* Build configuration list for PBXNativeTarget "scrabbleQTests" */ = {
			isa = XCConfigurationList;
			buildConfigurations = (
				753571A019EED7A8006622FA /* Debug */,
				753571A119EED7A8006622FA /* Release */,
			);
			defaultConfigurationIsVisible = 0;
		};
/* End XCConfigurationList section */
	};
	rootObject = 7535717519EED7A8006622FA /* Project object */;
}
