// !$*UTF8*$!
{
	archiveVersion = 1;
	classes = {
	};
	objectVersion = 46;
	objects = {

/* Begin PBXBuildFile section */
		755B827919C9E5E300EAB9EC /* AppDelegate.swift in Sources */ = {isa = PBXBuildFile; fileRef = 755B827819C9E5E300EAB9EC /* AppDelegate.swift */; };
		755B827B19C9E5E300EAB9EC /* ViewController.swift in Sources */ = {isa = PBXBuildFile; fileRef = 755B827A19C9E5E300EAB9EC /* ViewController.swift */; };
		755B827E19C9E5E300EAB9EC /* Main.storyboard in Resources */ = {isa = PBXBuildFile; fileRef = 755B827C19C9E5E300EAB9EC /* Main.storyboard */; };
		755B828019C9E5E300EAB9EC /* Images.xcassets in Resources */ = {isa = PBXBuildFile; fileRef = 755B827F19C9E5E300EAB9EC /* Images.xcassets */; };
		755B828C19C9E5E300EAB9EC /* tipcalculatorTests.swift in Sources */ = {isa = PBXBuildFile; fileRef = 755B828B19C9E5E300EAB9EC /* tipcalculatorTests.swift */; };
/* End PBXBuildFile section */

/* Begin PBXContainerItemProxy section */
		755B828619C9E5E300EAB9EC /* PBXContainerItemProxy */ = {
			isa = PBXContainerItemProxy;
			containerPortal = 755B826B19C9E5E300EAB9EC /* Project object */;
			proxyType = 1;
			remoteGlobalIDString = 755B827219C9E5E300EAB9EC;
			remoteInfo = tipcalculator;
		};
/* End PBXContainerItemProxy section */

/* Begin PBXFileReference section */
		755B827319C9E5E300EAB9EC /* tipcalculator.app */ = {isa = PBXFileReference; explicitFileType = wrapper.application; includeInIndex = 0; path = tipcalculator.app; sourceTree = BUILT_PRODUCTS_DIR; };
		755B827719C9E5E300EAB9EC /* Info.plist */ = {isa = PBXFileReference; lastKnownFileType = text.plist.xml; path = Info.plist; sourceTree = "<group>"; };
		755B827819C9E5E300EAB9EC /* AppDelegate.swift */ = {isa = PBXFileReference; lastKnownFileType = sourcecode.swift; path = AppDelegate.swift; sourceTree = "<group>"; };
		755B827A19C9E5E300EAB9EC /* ViewController.swift */ = {isa = PBXFileReference; lastKnownFileType = sourcecode.swift; path = ViewController.swift; sourceTree = "<group>"; };
		755B827D19C9E5E300EAB9EC /* Base */ = {isa = PBXFileReference; lastKnownFileType = file.storyboard; name = Base; path = Base.lproj/Main.storyboard; sourceTree = "<group>"; };
		755B827F19C9E5E300EAB9EC /* Images.xcassets */ = {isa = PBXFileReference; lastKnownFileType = folder.assetcatalog; path = Images.xcassets; sourceTree = "<group>"; };
		755B828519C9E5E300EAB9EC /* tipcalculatorTests.xctest */ = {isa = PBXFileReference; explicitFileType = wrapper.cfbundle; includeInIndex = 0; path = tipcalculatorTests.xctest; sourceTree = BUILT_PRODUCTS_DIR; };
		755B828A19C9E5E300EAB9EC /* Info.plist */ = {isa = PBXFileReference; lastKnownFileType = text.plist.xml; path = Info.plist; sourceTree = "<group>"; };
		755B828B19C9E5E300EAB9EC /* tipcalculatorTests.swift */ = {isa = PBXFileReference; lastKnownFileType = sourcecode.swift; path = tipcalculatorTests.swift; sourceTree = "<group>"; };
/* End PBXFileReference section */

/* Begin PBXFrameworksBuildPhase section */
		755B827019C9E5E300EAB9EC /* Frameworks */ = {
			isa = PBXFrameworksBuildPhase;
			buildActionMask = 2147483647;
			files = (
			);
			runOnlyForDeploymentPostprocessing = 0;
		};
		755B828219C9E5E300EAB9EC /* Frameworks */ = {
			isa = PBXFrameworksBuildPhase;
			buildActionMask = 2147483647;
			files = (
			);
			runOnlyForDeploymentPostprocessing = 0;
		};
/* End PBXFrameworksBuildPhase section */

/* Begin PBXGroup section */
		755B826A19C9E5E300EAB9EC = {
			isa = PBXGroup;
			children = (
				755B827519C9E5E300EAB9EC /* tipcalculator */,
				755B828819C9E5E300EAB9EC /* tipcalculatorTests */,
				755B827419C9E5E300EAB9EC /* Products */,
			);
			sourceTree = "<group>";
		};
		755B827419C9E5E300EAB9EC /* Products */ = {
			isa = PBXGroup;
			children = (
				755B827319C9E5E300EAB9EC /* tipcalculator.app */,
				755B828519C9E5E300EAB9EC /* tipcalculatorTests.xctest */,
			);
			name = Products;
			sourceTree = "<group>";
		};
		755B827519C9E5E300EAB9EC /* tipcalculator */ = {
			isa = PBXGroup;
			children = (
				755B827819C9E5E300EAB9EC /* AppDelegate.swift */,
				755B827A19C9E5E300EAB9EC /* ViewController.swift */,
				755B827C19C9E5E300EAB9EC /* Main.storyboard */,
				755B827F19C9E5E300EAB9EC /* Images.xcassets */,
				755B827619C9E5E300EAB9EC /* Supporting Files */,
			);
			path = tipcalculator;
			sourceTree = "<group>";
		};
		755B827619C9E5E300EAB9EC /* Supporting Files */ = {
			isa = PBXGroup;
			children = (
				755B827719C9E5E300EAB9EC /* Info.plist */,
			);
			name = "Supporting Files";
			sourceTree = "<group>";
		};
		755B828819C9E5E300EAB9EC /* tipcalculatorTests */ = {
			isa = PBXGroup;
			children = (
				755B828B19C9E5E300EAB9EC /* tipcalculatorTests.swift */,
				755B828919C9E5E300EAB9EC /* Supporting Files */,
			);
			path = tipcalculatorTests;
			sourceTree = "<group>";
		};
		755B828919C9E5E300EAB9EC /* Supporting Files */ = {
			isa = PBXGroup;
			children = (
				755B828A19C9E5E300EAB9EC /* Info.plist */,
			);
			name = "Supporting Files";
			sourceTree = "<group>";
		};
/* End PBXGroup section */

/* Begin PBXNativeTarget section */
		755B827219C9E5E300EAB9EC /* tipcalculator */ = {
			isa = PBXNativeTarget;
			buildConfigurationList = 755B828F19C9E5E300EAB9EC /* Build configuration list for PBXNativeTarget "tipcalculator" */;
			buildPhases = (
				755B826F19C9E5E300EAB9EC /* Sources */,
				755B827019C9E5E300EAB9EC /* Frameworks */,
				755B827119C9E5E300EAB9EC /* Resources */,
			);
			buildRules = (
			);
			dependencies = (
			);
			name = tipcalculator;
			productName = tipcalculator;
			productReference = 755B827319C9E5E300EAB9EC /* tipcalculator.app */;
			productType = "com.apple.product-type.application";
		};
		755B828419C9E5E300EAB9EC /* tipcalculatorTests */ = {
			isa = PBXNativeTarget;
			buildConfigurationList = 755B829219C9E5E300EAB9EC /* Build configuration list for PBXNativeTarget "tipcalculatorTests" */;
			buildPhases = (
				755B828119C9E5E300EAB9EC /* Sources */,
				755B828219C9E5E300EAB9EC /* Frameworks */,
				755B828319C9E5E300EAB9EC /* Resources */,
			);
			buildRules = (
			);
			dependencies = (
				755B828719C9E5E300EAB9EC /* PBXTargetDependency */,
			);
			name = tipcalculatorTests;
			productName = tipcalculatorTests;
			productReference = 755B828519C9E5E300EAB9EC /* tipcalculatorTests.xctest */;
			productType = "com.apple.product-type.bundle.unit-test";
		};
/* End PBXNativeTarget section */

/* Begin PBXProject section */
		755B826B19C9E5E300EAB9EC /* Project object */ = {
			isa = PBXProject;
			attributes = {
				LastUpgradeCheck = 0600;
				ORGANIZATIONNAME = "Aileen Pierce";
				TargetAttributes = {
					755B827219C9E5E300EAB9EC = {
						CreatedOnToolsVersion = 6.0;
					};
					755B828419C9E5E300EAB9EC = {
						CreatedOnToolsVersion = 6.0;
						TestTargetID = 755B827219C9E5E300EAB9EC;
					};
				};
			};
			buildConfigurationList = 755B826E19C9E5E300EAB9EC /* Build configuration list for PBXProject "tipcalculator" */;
			compatibilityVersion = "Xcode 3.2";
			developmentRegion = English;
			hasScannedForEncodings = 0;
			knownRegions = (
				en,
				Base,
			);
			mainGroup = 755B826A19C9E5E300EAB9EC;
			productRefGroup = 755B827419C9E5E300EAB9EC /* Products */;
			projectDirPath = "";
			projectRoot = "";
			targets = (
				755B827219C9E5E300EAB9EC /* tipcalculator */,
				755B828419C9E5E300EAB9EC /* tipcalculatorTests */,
			);
		};
/* End PBXProject section */

/* Begin PBXResourcesBuildPhase section */
		755B827119C9E5E300EAB9EC /* Resources */ = {
			isa = PBXResourcesBuildPhase;
			buildActionMask = 2147483647;
			files = (
				755B827E19C9E5E300EAB9EC /* Main.storyboard in Resources */,
				755B828019C9E5E300EAB9EC /* Images.xcassets in Resources */,
			);
			runOnlyForDeploymentPostprocessing = 0;
		};
		755B828319C9E5E300EAB9EC /* Resources */ = {
			isa = PBXResourcesBuildPhase;
			buildActionMask = 2147483647;
			files = (
			);
			runOnlyForDeploymentPostprocessing = 0;
		};
/* End PBXResourcesBuildPhase section */

/* Begin PBXSourcesBuildPhase section */
		755B826F19C9E5E300EAB9EC /* Sources */ = {
			isa = PBXSourcesBuildPhase;
			buildActionMask = 2147483647;
			files = (
				755B827B19C9E5E300EAB9EC /* ViewController.swift in Sources */,
				755B827919C9E5E300EAB9EC /* AppDelegate.swift in Sources */,
			);
			runOnlyForDeploymentPostprocessing = 0;
		};
		755B828119C9E5E300EAB9EC /* Sources */ = {
			isa = PBXSourcesBuildPhase;
			buildActionMask = 2147483647;
			files = (
				755B828C19C9E5E300EAB9EC /* tipcalculatorTests.swift in Sources */,
			);
			runOnlyForDeploymentPostprocessing = 0;
		};
/* End PBXSourcesBuildPhase section */

/* Begin PBXTargetDependency section */
		755B828719C9E5E300EAB9EC /* PBXTargetDependency */ = {
			isa = PBXTargetDependency;
			target = 755B827219C9E5E300EAB9EC /* tipcalculator */;
			targetProxy = 755B828619C9E5E300EAB9EC /* PBXContainerItemProxy */;
		};
/* End PBXTargetDependency section */

/* Begin PBXVariantGroup section */
		755B827C19C9E5E300EAB9EC /* Main.storyboard */ = {
			isa = PBXVariantGroup;
			children = (
				755B827D19C9E5E300EAB9EC /* Base */,
			);
			name = Main.storyboard;
			sourceTree = "<group>";
		};
/* End PBXVariantGroup section */

/* Begin XCBuildConfiguration section */
		755B828D19C9E5E300EAB9EC /* Debug */ = {
			isa = XCBuildConfiguration;
			buildSettings = {
				ALWAYS_SEARCH_USER_PATHS = NO;
				CLANG_CXX_LANGUAGE_STANDARD = "gnu++0x";
				CLANG_CXX_LIBRARY = "libc++";
				CLANG_ENABLE_MODULES = YES;
				CLANG_ENABLE_OBJC_ARC = YES;
				CLANG_WARN_BOOL_CONVERSION = YES;
				CLANG_WARN_CONSTANT_CONVERSION = YES;
				CLANG_WARN_DIRECT_OBJC_ISA_USAGE = YES_ERROR;
				CLANG_WARN_EMPTY_BODY = YES;
				CLANG_WARN_ENUM_CONVERSION = YES;
				CLANG_WARN_INT_CONVERSION = YES;
				CLANG_WARN_OBJC_ROOT_CLASS = YES_ERROR;
				CLANG_WARN_UNREACHABLE_CODE = YES;
				CLANG_WARN__DUPLICATE_METHOD_MATCH = YES;
				"CODE_SIGN_IDENTITY[sdk=iphoneos*]" = "iPhone Developer";
				COPY_PHASE_STRIP = NO;
				ENABLE_STRICT_OBJC_MSGSEND = YES;
				GCC_C_LANGUAGE_STANDARD = gnu99;
				GCC_DYNAMIC_NO_PIC = NO;
				GCC_OPTIMIZATION_LEVEL = 0;
				GCC_PREPROCESSOR_DEFINITIONS = (
					"DEBUG=1",
					"$(inherited)",
				);
				GCC_SYMBOLS_PRIVATE_EXTERN = NO;
				GCC_WARN_64_TO_32_BIT_CONVERSION = YES;
				GCC_WARN_ABOUT_RETURN_TYPE = YES_ERROR;
				GCC_WARN_UNDECLARED_SELECTOR = YES;
				GCC_WARN_UNINITIALIZED_AUTOS = YES_AGGRESSIVE;
				GCC_WARN_UNUSED_FUNCTION = YES;
				GCC_WARN_UNUSED_VARIABLE = YES;
				IPHONEOS_DEPLOYMENT_TARGET = 8.0;
				MTL_ENABLE_DEBUG_INFO = YES;
				ONLY_ACTIVE_ARCH = YES;
				SDKROOT = iphoneos;
				SWIFT_OPTIMIZATION_LEVEL = "-Onone";
			};
			name = Debug;
		};
		755B828E19C9E5E300EAB9EC /* Release */ = {
			isa = XCBuildConfiguration;
			buildSettings = {
				ALWAYS_SEARCH_USER_PATHS = NO;
				CLANG_CXX_LANGUAGE_STANDARD = "gnu++0x";
				CLANG_CXX_LIBRARY = "libc++";
				CLANG_ENABLE_MODULES = YES;
				CLANG_ENABLE_OBJC_ARC = YES;
				CLANG_WARN_BOOL_CONVERSION = YES;
				CLANG_WARN_CONSTANT_CONVERSION = YES;
				CLANG_WARN_DIRECT_OBJC_ISA_USAGE = YES_ERROR;
				CLANG_WARN_EMPTY_BODY = YES;
				CLANG_WARN_ENUM_CONVERSION = YES;
				CLANG_WARN_INT_CONVERSION = YES;
				CLANG_WARN_OBJC_ROOT_CLASS = YES_ERROR;
				CLANG_WARN_UNREACHABLE_CODE = YES;
				CLANG_WARN__DUPLICATE_METHOD_MATCH = YES;
				"CODE_SIGN_IDENTITY[sdk=iphoneos*]" = "iPhone Developer";
				COPY_PHASE_STRIP = YES;
				ENABLE_NS_ASSERTIONS = NO;
				ENABLE_STRICT_OBJC_MSGSEND = YES;
				GCC_C_LANGUAGE_STANDARD = gnu99;
				GCC_WARN_64_TO_32_BIT_CONVERSION = YES;
				GCC_WARN_ABOUT_RETURN_TYPE = YES_ERROR;
				GCC_WARN_UNDECLARED_SELECTOR = YES;
				GCC_WARN_UNINITIALIZED_AUTOS = YES_AGGRESSIVE;
				GCC_WARN_UNUSED_FUNCTION = YES;
				GCC_WARN_UNUSED_VARIABLE = YES;
				IPHONEOS_DEPLOYMENT_TARGET = 8.0;
				MTL_ENABLE_DEBUG_INFO = NO;
				SDKROOT = iphoneos;
				VALIDATE_PRODUCT = YES;
			};
			name = Release;
		};
		755B829019C9E5E300EAB9EC /* Debug */ = {
			isa = XCBuildConfiguration;
			buildSettings = {
				ASSETCATALOG_COMPILER_APPICON_NAME = AppIcon;
				ASSETCATALOG_COMPILER_LAUNCHIMAGE_NAME = LaunchImage;
				INFOPLIST_FILE = tipcalculator/Info.plist;
				LD_RUNPATH_SEARCH_PATHS = "$(inherited) @executable_path/Frameworks";
				PRODUCT_NAME = "$(TARGET_NAME)";
			};
			name = Debug;
		};
		755B829119C9E5E300EAB9EC /* Release */ = {
			isa = XCBuildConfiguration;
			buildSettings = {
				ASSETCATALOG_COMPILER_APPICON_NAME = AppIcon;
				ASSETCATALOG_COMPILER_LAUNCHIMAGE_NAME = LaunchImage;
				INFOPLIST_FILE = tipcalculator/Info.plist;
				LD_RUNPATH_SEARCH_PATHS = "$(inherited) @executable_path/Frameworks";
				PRODUCT_NAME = "$(TARGET_NAME)";
			};
			name = Release;
		};
		755B829319C9E5E300EAB9EC /* Debug */ = {
			isa = XCBuildConfiguration;
			buildSettings = {
				BUNDLE_LOADER = "$(TEST_HOST)";
				FRAMEWORK_SEARCH_PATHS = (
					"$(SDKROOT)/Developer/Library/Frameworks",
					"$(inherited)",
				);
				GCC_PREPROCESSOR_DEFINITIONS = (
					"DEBUG=1",
					"$(inherited)",
				);
				INFOPLIST_FILE = tipcalculatorTests/Info.plist;
				LD_RUNPATH_SEARCH_PATHS = "$(inherited) @executable_path/Frameworks @loader_path/Frameworks";
				PRODUCT_NAME = "$(TARGET_NAME)";
				TEST_HOST = "$(BUILT_PRODUCTS_DIR)/tipcalculator.app/tipcalculator";
			};
			name = Debug;
		};
		755B829419C9E5E300EAB9EC /* Release */ = {
			isa = XCBuildConfiguration;
			buildSettings = {
				BUNDLE_LOADER = "$(TEST_HOST)";
				FRAMEWORK_SEARCH_PATHS = (
					"$(SDKROOT)/Developer/Library/Frameworks",
					"$(inherited)",
				);
				INFOPLIST_FILE = tipcalculatorTests/Info.plist;
				LD_RUNPATH_SEARCH_PATHS = "$(inherited) @executable_path/Frameworks @loader_path/Frameworks";
				PRODUCT_NAME = "$(TARGET_NAME)";
				TEST_HOST = "$(BUILT_PRODUCTS_DIR)/tipcalculator.app/tipcalculator";
			};
			name = Release;
		};
/* End XCBuildConfiguration section */

/* Begin XCConfigurationList section */
		755B826E19C9E5E300EAB9EC /* Build configuration list for PBXProject "tipcalculator" */ = {
			isa = XCConfigurationList;
			buildConfigurations = (
				755B828D19C9E5E300EAB9EC /* Debug */,
				755B828E19C9E5E300EAB9EC /* Release */,
			);
			defaultConfigurationIsVisible = 0;
			defaultConfigurationName = Release;
		};
		755B828F19C9E5E300EAB9EC /* Build configuration list for PBXNativeTarget "tipcalculator" */ = {
			isa = XCConfigurationList;
			buildConfigurations = (
				755B829019C9E5E300EAB9EC /* Debug */,
				755B829119C9E5E300EAB9EC /* Release */,
			);
			defaultConfigurationIsVisible = 0;
		};
		755B829219C9E5E300EAB9EC /* Build configuration list for PBXNativeTarget "tipcalculatorTests" */ = {
			isa = XCConfigurationList;
			buildConfigurations = (
				755B829319C9E5E300EAB9EC /* Debug */,
				755B829419C9E5E300EAB9EC /* Release */,
			);
			defaultConfigurationIsVisible = 0;
		};
/* End XCConfigurationList section */
	};
	rootObject = 755B826B19C9E5E300EAB9EC /* Project object */;
}
