// !$*UTF8*$!
{
	archiveVersion = 1;
	classes = {
	};
	objectVersion = 46;
	objects = {

/* Begin PBXBuildFile section */
		75BDB3611A16C4B900432443 /* AppDelegate.swift in Sources */ = {isa = PBXBuildFile; fileRef = 75BDB3601A16C4B900432443 /* AppDelegate.swift */; };
		75BDB3631A16C4B900432443 /* ViewController.swift in Sources */ = {isa = PBXBuildFile; fileRef = 75BDB3621A16C4B900432443 /* ViewController.swift */; };
		75BDB3661A16C4B900432443 /* Main.storyboard in Resources */ = {isa = PBXBuildFile; fileRef = 75BDB3641A16C4B900432443 /* Main.storyboard */; };
		75BDB3681A16C4B900432443 /* Images.xcassets in Resources */ = {isa = PBXBuildFile; fileRef = 75BDB3671A16C4B900432443 /* Images.xcassets */; };
		75BDB36B1A16C4B900432443 /* LaunchScreen.xib in Resources */ = {isa = PBXBuildFile; fileRef = 75BDB3691A16C4B900432443 /* LaunchScreen.xib */; };
		75BDB3771A16C4B900432443 /* mediaTests.swift in Sources */ = {isa = PBXBuildFile; fileRef = 75BDB3761A16C4B900432443 /* mediaTests.swift */; };
		75BDB3811A16C52B00432443 /* MobileCoreServices.framework in Frameworks */ = {isa = PBXBuildFile; fileRef = 75BDB3801A16C52B00432443 /* MobileCoreServices.framework */; };
		75C853C61A192CC100CBAF23 /* MediaPlayer.framework in Frameworks */ = {isa = PBXBuildFile; fileRef = 75C853C51A192CC100CBAF23 /* MediaPlayer.framework */; };
		75C853C81A1971A600CBAF23 /* AVFoundation.framework in Frameworks */ = {isa = PBXBuildFile; fileRef = 75C853C71A1971A600CBAF23 /* AVFoundation.framework */; };
		75C853CA1A19726500CBAF23 /* Hall of Fame ring tone.m4r in Resources */ = {isa = PBXBuildFile; fileRef = 75C853C91A19724300CBAF23 /* Hall of Fame ring tone.m4r */; };
/* End PBXBuildFile section */

/* Begin PBXContainerItemProxy section */
		75BDB3711A16C4B900432443 /* PBXContainerItemProxy */ = {
			isa = PBXContainerItemProxy;
			containerPortal = 75BDB3531A16C4B900432443 /* Project object */;
			proxyType = 1;
			remoteGlobalIDString = 75BDB35A1A16C4B900432443;
			remoteInfo = media;
		};
/* End PBXContainerItemProxy section */

/* Begin PBXFileReference section */
		75BDB35B1A16C4B900432443 /* media.app */ = {isa = PBXFileReference; explicitFileType = wrapper.application; includeInIndex = 0; path = media.app; sourceTree = BUILT_PRODUCTS_DIR; };
		75BDB35F1A16C4B900432443 /* Info.plist */ = {isa = PBXFileReference; lastKnownFileType = text.plist.xml; path = Info.plist; sourceTree = "<group>"; };
		75BDB3601A16C4B900432443 /* AppDelegate.swift */ = {isa = PBXFileReference; lastKnownFileType = sourcecode.swift; path = AppDelegate.swift; sourceTree = "<group>"; };
		75BDB3621A16C4B900432443 /* ViewController.swift */ = {isa = PBXFileReference; lastKnownFileType = sourcecode.swift; path = ViewController.swift; sourceTree = "<group>"; };
		75BDB3651A16C4B900432443 /* Base */ = {isa = PBXFileReference; lastKnownFileType = file.storyboard; name = Base; path = Base.lproj/Main.storyboard; sourceTree = "<group>"; };
		75BDB3671A16C4B900432443 /* Images.xcassets */ = {isa = PBXFileReference; lastKnownFileType = folder.assetcatalog; path = Images.xcassets; sourceTree = "<group>"; };
		75BDB36A1A16C4B900432443 /* Base */ = {isa = PBXFileReference; lastKnownFileType = file.xib; name = Base; path = Base.lproj/LaunchScreen.xib; sourceTree = "<group>"; };
		75BDB3701A16C4B900432443 /* mediaTests.xctest */ = {isa = PBXFileReference; explicitFileType = wrapper.cfbundle; includeInIndex = 0; path = mediaTests.xctest; sourceTree = BUILT_PRODUCTS_DIR; };
		75BDB3751A16C4B900432443 /* Info.plist */ = {isa = PBXFileReference; lastKnownFileType = text.plist.xml; path = Info.plist; sourceTree = "<group>"; };
		75BDB3761A16C4B900432443 /* mediaTests.swift */ = {isa = PBXFileReference; lastKnownFileType = sourcecode.swift; path = mediaTests.swift; sourceTree = "<group>"; };
		75BDB3801A16C52B00432443 /* MobileCoreServices.framework */ = {isa = PBXFileReference; lastKnownFileType = wrapper.framework; name = MobileCoreServices.framework; path = System/Library/Frameworks/MobileCoreServices.framework; sourceTree = SDKROOT; };
		75C853C51A192CC100CBAF23 /* MediaPlayer.framework */ = {isa = PBXFileReference; lastKnownFileType = wrapper.framework; name = MediaPlayer.framework; path = System/Library/Frameworks/MediaPlayer.framework; sourceTree = SDKROOT; };
		75C853C71A1971A600CBAF23 /* AVFoundation.framework */ = {isa = PBXFileReference; lastKnownFileType = wrapper.framework; name = AVFoundation.framework; path = System/Library/Frameworks/AVFoundation.framework; sourceTree = SDKROOT; };
		75C853C91A19724300CBAF23 /* Hall of Fame ring tone.m4r */ = {isa = PBXFileReference; lastKnownFileType = file; path = "Hall of Fame ring tone.m4r"; sourceTree = "<group>"; };
/* End PBXFileReference section */

/* Begin PBXFrameworksBuildPhase section */
		75BDB3581A16C4B900432443 /* Frameworks */ = {
			isa = PBXFrameworksBuildPhase;
			buildActionMask = 2147483647;
			files = (
				75C853C81A1971A600CBAF23 /* AVFoundation.framework in Frameworks */,
				75C853C61A192CC100CBAF23 /* MediaPlayer.framework in Frameworks */,
				75BDB3811A16C52B00432443 /* MobileCoreServices.framework in Frameworks */,
			);
			runOnlyForDeploymentPostprocessing = 0;
		};
		75BDB36D1A16C4B900432443 /* Frameworks */ = {
			isa = PBXFrameworksBuildPhase;
			buildActionMask = 2147483647;
			files = (
			);
			runOnlyForDeploymentPostprocessing = 0;
		};
/* End PBXFrameworksBuildPhase section */

/* Begin PBXGroup section */
		75BDB3521A16C4B900432443 = {
			isa = PBXGroup;
			children = (
				75C853C71A1971A600CBAF23 /* AVFoundation.framework */,
				75C853C51A192CC100CBAF23 /* MediaPlayer.framework */,
				75BDB3801A16C52B00432443 /* MobileCoreServices.framework */,
				75BDB35D1A16C4B900432443 /* media */,
				75BDB3731A16C4B900432443 /* mediaTests */,
				75BDB35C1A16C4B900432443 /* Products */,
			);
			sourceTree = "<group>";
		};
		75BDB35C1A16C4B900432443 /* Products */ = {
			isa = PBXGroup;
			children = (
				75BDB35B1A16C4B900432443 /* media.app */,
				75BDB3701A16C4B900432443 /* mediaTests.xctest */,
			);
			name = Products;
			sourceTree = "<group>";
		};
		75BDB35D1A16C4B900432443 /* media */ = {
			isa = PBXGroup;
			children = (
				75BDB3601A16C4B900432443 /* AppDelegate.swift */,
				75BDB3621A16C4B900432443 /* ViewController.swift */,
				75BDB3641A16C4B900432443 /* Main.storyboard */,
				75BDB3671A16C4B900432443 /* Images.xcassets */,
				75BDB3691A16C4B900432443 /* LaunchScreen.xib */,
				75BDB35E1A16C4B900432443 /* Supporting Files */,
			);
			path = media;
			sourceTree = "<group>";
		};
		75BDB35E1A16C4B900432443 /* Supporting Files */ = {
			isa = PBXGroup;
			children = (
				75C853C91A19724300CBAF23 /* Hall of Fame ring tone.m4r */,
				75BDB35F1A16C4B900432443 /* Info.plist */,
			);
			name = "Supporting Files";
			sourceTree = "<group>";
		};
		75BDB3731A16C4B900432443 /* mediaTests */ = {
			isa = PBXGroup;
			children = (
				75BDB3761A16C4B900432443 /* mediaTests.swift */,
				75BDB3741A16C4B900432443 /* Supporting Files */,
			);
			path = mediaTests;
			sourceTree = "<group>";
		};
		75BDB3741A16C4B900432443 /* Supporting Files */ = {
			isa = PBXGroup;
			children = (
				75BDB3751A16C4B900432443 /* Info.plist */,
			);
			name = "Supporting Files";
			sourceTree = "<group>";
		};
/* End PBXGroup section */

/* Begin PBXNativeTarget section */
		75BDB35A1A16C4B900432443 /* media */ = {
			isa = PBXNativeTarget;
			buildConfigurationList = 75BDB37A1A16C4B900432443 /* Build configuration list for PBXNativeTarget "media" */;
			buildPhases = (
				75BDB3571A16C4B900432443 /* Sources */,
				75BDB3581A16C4B900432443 /* Frameworks */,
				75BDB3591A16C4B900432443 /* Resources */,
			);
			buildRules = (
			);
			dependencies = (
			);
			name = media;
			productName = media;
			productReference = 75BDB35B1A16C4B900432443 /* media.app */;
			productType = "com.apple.product-type.application";
		};
		75BDB36F1A16C4B900432443 /* mediaTests */ = {
			isa = PBXNativeTarget;
			buildConfigurationList = 75BDB37D1A16C4B900432443 /* Build configuration list for PBXNativeTarget "mediaTests" */;
			buildPhases = (
				75BDB36C1A16C4B900432443 /* Sources */,
				75BDB36D1A16C4B900432443 /* Frameworks */,
				75BDB36E1A16C4B900432443 /* Resources */,
			);
			buildRules = (
			);
			dependencies = (
				75BDB3721A16C4B900432443 /* PBXTargetDependency */,
			);
			name = mediaTests;
			productName = mediaTests;
			productReference = 75BDB3701A16C4B900432443 /* mediaTests.xctest */;
			productType = "com.apple.product-type.bundle.unit-test";
		};
/* End PBXNativeTarget section */

/* Begin PBXProject section */
		75BDB3531A16C4B900432443 /* Project object */ = {
			isa = PBXProject;
			attributes = {
				LastUpgradeCheck = 0610;
				ORGANIZATIONNAME = "Aileen Pierce";
				TargetAttributes = {
					75BDB35A1A16C4B900432443 = {
						CreatedOnToolsVersion = 6.1;
					};
					75BDB36F1A16C4B900432443 = {
						CreatedOnToolsVersion = 6.1;
						TestTargetID = 75BDB35A1A16C4B900432443;
					};
				};
			};
			buildConfigurationList = 75BDB3561A16C4B900432443 /* Build configuration list for PBXProject "media" */;
			compatibilityVersion = "Xcode 3.2";
			developmentRegion = English;
			hasScannedForEncodings = 0;
			knownRegions = (
				en,
				Base,
			);
			mainGroup = 75BDB3521A16C4B900432443;
			productRefGroup = 75BDB35C1A16C4B900432443 /* Products */;
			projectDirPath = "";
			projectRoot = "";
			targets = (
				75BDB35A1A16C4B900432443 /* media */,
				75BDB36F1A16C4B900432443 /* mediaTests */,
			);
		};
/* End PBXProject section */

/* Begin PBXResourcesBuildPhase section */
		75BDB3591A16C4B900432443 /* Resources */ = {
			isa = PBXResourcesBuildPhase;
			buildActionMask = 2147483647;
			files = (
				75C853CA1A19726500CBAF23 /* Hall of Fame ring tone.m4r in Resources */,
				75BDB3661A16C4B900432443 /* Main.storyboard in Resources */,
				75BDB36B1A16C4B900432443 /* LaunchScreen.xib in Resources */,
				75BDB3681A16C4B900432443 /* Images.xcassets in Resources */,
			);
			runOnlyForDeploymentPostprocessing = 0;
		};
		75BDB36E1A16C4B900432443 /* Resources */ = {
			isa = PBXResourcesBuildPhase;
			buildActionMask = 2147483647;
			files = (
			);
			runOnlyForDeploymentPostprocessing = 0;
		};
/* End PBXResourcesBuildPhase section */

/* Begin PBXSourcesBuildPhase section */
		75BDB3571A16C4B900432443 /* Sources */ = {
			isa = PBXSourcesBuildPhase;
			buildActionMask = 2147483647;
			files = (
				75BDB3631A16C4B900432443 /* ViewController.swift in Sources */,
				75BDB3611A16C4B900432443 /* AppDelegate.swift in Sources */,
			);
			runOnlyForDeploymentPostprocessing = 0;
		};
		75BDB36C1A16C4B900432443 /* Sources */ = {
			isa = PBXSourcesBuildPhase;
			buildActionMask = 2147483647;
			files = (
				75BDB3771A16C4B900432443 /* mediaTests.swift in Sources */,
			);
			runOnlyForDeploymentPostprocessing = 0;
		};
/* End PBXSourcesBuildPhase section */

/* Begin PBXTargetDependency section */
		75BDB3721A16C4B900432443 /* PBXTargetDependency */ = {
			isa = PBXTargetDependency;
			target = 75BDB35A1A16C4B900432443 /* media */;
			targetProxy = 75BDB3711A16C4B900432443 /* PBXContainerItemProxy */;
		};
/* End PBXTargetDependency section */

/* Begin PBXVariantGroup section */
		75BDB3641A16C4B900432443 /* Main.storyboard */ = {
			isa = PBXVariantGroup;
			children = (
				75BDB3651A16C4B900432443 /* Base */,
			);
			name = Main.storyboard;
			sourceTree = "<group>";
		};
		75BDB3691A16C4B900432443 /* LaunchScreen.xib */ = {
			isa = PBXVariantGroup;
			children = (
				75BDB36A1A16C4B900432443 /* Base */,
			);
			name = LaunchScreen.xib;
			sourceTree = "<group>";
		};
/* End PBXVariantGroup section */

/* Begin XCBuildConfiguration section */
		75BDB3781A16C4B900432443 /* Debug */ = {
			isa = XCBuildConfiguration;
			buildSettings = {
				ALWAYS_SEARCH_USER_PATHS = NO;
				CLANG_CXX_LANGUAGE_STANDARD = "gnu++0x";
				CLANG_CXX_LIBRARY = "libc++";
				CLANG_ENABLE_MODULES = YES;
				CLANG_ENABLE_OBJC_ARC = YES;
				CLANG_WARN_BOOL_CONVERSION = YES;
				CLANG_WARN_CONSTANT_CONVERSION = YES;
				CLANG_WARN_DIRECT_OBJC_ISA_USAGE = YES_ERROR;
				CLANG_WARN_EMPTY_BODY = YES;
				CLANG_WARN_ENUM_CONVERSION = YES;
				CLANG_WARN_INT_CONVERSION = YES;
				CLANG_WARN_OBJC_ROOT_CLASS = YES_ERROR;
				CLANG_WARN_UNREACHABLE_CODE = YES;
				CLANG_WARN__DUPLICATE_METHOD_MATCH = YES;
				"CODE_SIGN_IDENTITY[sdk=iphoneos*]" = "iPhone Developer";
				COPY_PHASE_STRIP = NO;
				ENABLE_STRICT_OBJC_MSGSEND = YES;
				GCC_C_LANGUAGE_STANDARD = gnu99;
				GCC_DYNAMIC_NO_PIC = NO;
				GCC_OPTIMIZATION_LEVEL = 0;
				GCC_PREPROCESSOR_DEFINITIONS = (
					"DEBUG=1",
					"$(inherited)",
				);
				GCC_SYMBOLS_PRIVATE_EXTERN = NO;
				GCC_WARN_64_TO_32_BIT_CONVERSION = YES;
				GCC_WARN_ABOUT_RETURN_TYPE = YES_ERROR;
				GCC_WARN_UNDECLARED_SELECTOR = YES;
				GCC_WARN_UNINITIALIZED_AUTOS = YES_AGGRESSIVE;
				GCC_WARN_UNUSED_FUNCTION = YES;
				GCC_WARN_UNUSED_VARIABLE = YES;
				IPHONEOS_DEPLOYMENT_TARGET = 8.1;
				MTL_ENABLE_DEBUG_INFO = YES;
				ONLY_ACTIVE_ARCH = YES;
				SDKROOT = iphoneos;
				SWIFT_OPTIMIZATION_LEVEL = "-Onone";
			};
			name = Debug;
		};
		75BDB3791A16C4B900432443 /* Release */ = {
			isa = XCBuildConfiguration;
			buildSettings = {
				ALWAYS_SEARCH_USER_PATHS = NO;
				CLANG_CXX_LANGUAGE_STANDARD = "gnu++0x";
				CLANG_CXX_LIBRARY = "libc++";
				CLANG_ENABLE_MODULES = YES;
				CLANG_ENABLE_OBJC_ARC = YES;
				CLANG_WARN_BOOL_CONVERSION = YES;
				CLANG_WARN_CONSTANT_CONVERSION = YES;
				CLANG_WARN_DIRECT_OBJC_ISA_USAGE = YES_ERROR;
				CLANG_WARN_EMPTY_BODY = YES;
				CLANG_WARN_ENUM_CONVERSION = YES;
				CLANG_WARN_INT_CONVERSION = YES;
				CLANG_WARN_OBJC_ROOT_CLASS = YES_ERROR;
				CLANG_WARN_UNREACHABLE_CODE = YES;
				CLANG_WARN__DUPLICATE_METHOD_MATCH = YES;
				"CODE_SIGN_IDENTITY[sdk=iphoneos*]" = "iPhone Developer";
				COPY_PHASE_STRIP = YES;
				ENABLE_NS_ASSERTIONS = NO;
				ENABLE_STRICT_OBJC_MSGSEND = YES;
				GCC_C_LANGUAGE_STANDARD = gnu99;
				GCC_WARN_64_TO_32_BIT_CONVERSION = YES;
				GCC_WARN_ABOUT_RETURN_TYPE = YES_ERROR;
				GCC_WARN_UNDECLARED_SELECTOR = YES;
				GCC_WARN_UNINITIALIZED_AUTOS = YES_AGGRESSIVE;
				GCC_WARN_UNUSED_FUNCTION = YES;
				GCC_WARN_UNUSED_VARIABLE = YES;
				IPHONEOS_DEPLOYMENT_TARGET = 8.1;
				MTL_ENABLE_DEBUG_INFO = NO;
				SDKROOT = iphoneos;
				VALIDATE_PRODUCT = YES;
			};
			name = Release;
		};
		75BDB37B1A16C4B900432443 /* Debug */ = {
			isa = XCBuildConfiguration;
			buildSettings = {
				ASSETCATALOG_COMPILER_APPICON_NAME = AppIcon;
				INFOPLIST_FILE = media/Info.plist;
				LD_RUNPATH_SEARCH_PATHS = "$(inherited) @executable_path/Frameworks";
				PRODUCT_NAME = "$(TARGET_NAME)";
			};
			name = Debug;
		};
		75BDB37C1A16C4B900432443 /* Release */ = {
			isa = XCBuildConfiguration;
			buildSettings = {
				ASSETCATALOG_COMPILER_APPICON_NAME = AppIcon;
				INFOPLIST_FILE = media/Info.plist;
				LD_RUNPATH_SEARCH_PATHS = "$(inherited) @executable_path/Frameworks";
				PRODUCT_NAME = "$(TARGET_NAME)";
			};
			name = Release;
		};
		75BDB37E1A16C4B900432443 /* Debug */ = {
			isa = XCBuildConfiguration;
			buildSettings = {
				BUNDLE_LOADER = "$(TEST_HOST)";
				FRAMEWORK_SEARCH_PATHS = (
					"$(SDKROOT)/Developer/Library/Frameworks",
					"$(inherited)",
				);
				GCC_PREPROCESSOR_DEFINITIONS = (
					"DEBUG=1",
					"$(inherited)",
				);
				INFOPLIST_FILE = mediaTests/Info.plist;
				LD_RUNPATH_SEARCH_PATHS = "$(inherited) @executable_path/Frameworks @loader_path/Frameworks";
				PRODUCT_NAME = "$(TARGET_NAME)";
				TEST_HOST = "$(BUILT_PRODUCTS_DIR)/media.app/media";
			};
			name = Debug;
		};
		75BDB37F1A16C4B900432443 /* Release */ = {
			isa = XCBuildConfiguration;
			buildSettings = {
				BUNDLE_LOADER = "$(TEST_HOST)";
				FRAMEWORK_SEARCH_PATHS = (
					"$(SDKROOT)/Developer/Library/Frameworks",
					"$(inherited)",
				);
				INFOPLIST_FILE = mediaTests/Info.plist;
				LD_RUNPATH_SEARCH_PATHS = "$(inherited) @executable_path/Frameworks @loader_path/Frameworks";
				PRODUCT_NAME = "$(TARGET_NAME)";
				TEST_HOST = "$(BUILT_PRODUCTS_DIR)/media.app/media";
			};
			name = Release;
		};
/* End XCBuildConfiguration section */

/* Begin XCConfigurationList section */
		75BDB3561A16C4B900432443 /* Build configuration list for PBXProject "media" */ = {
			isa = XCConfigurationList;
			buildConfigurations = (
				75BDB3781A16C4B900432443 /* Debug */,
				75BDB3791A16C4B900432443 /* Release */,
			);
			defaultConfigurationIsVisible = 0;
			defaultConfigurationName = Release;
		};
		75BDB37A1A16C4B900432443 /* Build configuration list for PBXNativeTarget "media" */ = {
			isa = XCConfigurationList;
			buildConfigurations = (
				75BDB37B1A16C4B900432443 /* Debug */,
				75BDB37C1A16C4B900432443 /* Release */,
			);
			defaultConfigurationIsVisible = 0;
			defaultConfigurationName = Release;
		};
		75BDB37D1A16C4B900432443 /* Build configuration list for PBXNativeTarget "mediaTests" */ = {
			isa = XCConfigurationList;
			buildConfigurations = (
				75BDB37E1A16C4B900432443 /* Debug */,
				75BDB37F1A16C4B900432443 /* Release */,
			);
			defaultConfigurationIsVisible = 0;
			defaultConfigurationName = Release;
		};
/* End XCConfigurationList section */
	};
	rootObject = 75BDB3531A16C4B900432443 /* Project object */;
}
